
Microsoft Visual Studio Solution File, Format Version 12.00
# Visual Studio Version 16
VisualStudioVersion = 16.0.30621.155
MinimumVisualStudioVersion = 10.0.40219.1
Project("{FAE04EC0-301F-11D3-BF4B-00C04F79EFBC}") = "ConsoleApp1", "ConsoleApp1\ConsoleApp1.csproj", "{64576455-68B0-4862-9B25-FAE46CD2C321}"
EndProject
Global
	GlobalSection(SolutionConfigurationPlatforms) = preSolution
		Debug|Any CPU = Debug|Any CPU
		Release|Any CPU = Release|Any CPU
	EndGlobalSection
	GlobalSection(ProjectConfigurationPlatforms) = postSolution
		{64576455-68B0-4862-9B25-FAE46CD2C321}.Debug|Any CPU.ActiveCfg = Debug|Any CPU
		{64576455-68B0-4862-9B25-FAE46CD2C321}.Debug|Any CPU.Build.0 = Debug|Any CPU
		{64576455-68B0-4862-9B25-FAE46CD2C321}.Release|Any CPU.ActiveCfg = Release|Any CPU
		{64576455-68B0-4862-9B25-FAE46CD2C321}.Release|Any CPU.Build.0 = Release|Any CPU
	EndGlobalSection
	GlobalSection(SolutionProperties) = preSolution
		HideSolutionNode = FALSE
	EndGlobalSection
	GlobalSection(ExtensibilityGlobals) = postSolution
		SolutionGuid = {3D592C0D-DFB6-4E7B-9330-99A99C2920AB}
	EndGlobalSection
EndGlobal
